{
  "version": 4,
  "terraform_version": "1.14.3",
  "serial": 3,
  "lineage": "4d19716b-7903-6854-2581-464cb2ff127d",
  "outputs": {},
  "resources": [
    {
      "mode": "managed",
      "type": "google_sql_database_instance",
      "name": "mysql",
      "provider": "provider[\"registry.terraform.io/hashicorp/google\"]",
      "instances": [
        {
          "schema_version": 0,
          "attributes": {
            "available_maintenance_versions": [],
            "clone": [],
            "connection_name": "streaming001:asia-south1:cdc-mysql-poc",
            "database_version": "MYSQL_8_0",
            "deletion_protection": true,
            "dns_name": "",
            "encryption_key_name": null,
            "first_ip_address": "34.14.150.185",
            "id": "cdc-mysql-poc",
            "instance_type": "CLOUD_SQL_INSTANCE",
            "ip_address": [
              {
                "ip_address": "34.14.150.185",
                "time_to_retire": "",
                "type": "PRIMARY"
              }
            ],
            "maintenance_version": "MYSQL_8_0_41.R20251004.01_24",
            "master_instance_name": "",
            "name": "cdc-mysql-poc",
            "private_ip_address": "",
            "project": "streaming001",
            "psc_service_attachment_link": "",
            "public_ip_address": "34.14.150.185",
            "region": "asia-south1",
            "replica_configuration": [],
            "restore_backup_context": [],
            "root_password": null,
            "self_link": "https://sqladmin.googleapis.com/sql/v1beta4/projects/streaming001/instances/cdc-mysql-poc",
            "server_ca_cert": [
              {
                "cert": "-----BEGIN CERTIFICATE-----\nMIIDfzCCAmegAwIBAgIBADANBgkqhkiG9w0BAQsFADB3MS0wKwYDVQQuEyRjOWI1\nNmQ5OS0yMzBhLTQzMjEtODM2Ny0zZGVkN2VhMzNjYTExIzAhBgNVBAMTGkdvb2ds\nZSBDbG91ZCBTUUwgU2VydmVyIENBMRQwEgYDVQQKEwtHb29nbGUsIEluYzELMAkG\nA1UEBhMCVVMwHhcNMjYwMTA1MTgxNTIxWhcNMzYwMTAzMTgxNjIxWjB3MS0wKwYD\nVQQuEyRjOWI1NmQ5OS0yMzBhLTQzMjEtODM2Ny0zZGVkN2VhMzNjYTExIzAhBgNV\nBAMTGkdvb2dsZSBDbG91ZCBTUUwgU2VydmVyIENBMRQwEgYDVQQKEwtHb29nbGUs\nIEluYzELMAkGA1UEBhMCVVMwggEiMA0GCSqGSIb3DQEBAQUAA4IBDwAwggEKAoIB\nAQCjh1D8ZxrrXFp+iHYBxKWE8Rou7CqRQ+d2i3+9pvoCx6vb5T15jPH16rF1G30Q\nIUovFiqoK9TangE3jvh4dFpSmaigDKk892LKoY/Z+tow5i30Wqn0zI+2uQJEKNCe\n6NRv3lNdNG2huuI0Tw06M2q+ImAnIesWUJsB8k9kblzD9rTbg+Qhgp5/1+bFGQ3b\nRBEk6OFb/TQT6XpLARP4wvsyGkJCEChVXk2iV0V8XA2UtdXf3OD4N4G+/ijgR43x\nUBjrdfkep7VZhZ/9L/0qsucZmJjL9CYVGUJ/6kEx93YqcTwC9YAarlnCBTdRRwkZ\nYdKZJ7PgegI2VSioZ2FMhMFtAgMBAAGjFjAUMBIGA1UdEwEB/wQIMAYBAf8CAQAw\nDQYJKoZIhvcNAQELBQADggEBAF8MqZpYIG8DYlpZV2e47wOh49O25HeO6u64E12Q\nx0eN7WsNgsfSvXTAS3DaInmVqaNtChssqLfEMKyTfU6q5K6QiOjHhSBfogKLDix/\nZZz/NERcc6LF8O0y+BwiMX+oDepttGEfE9expl7U6x1fUcnKme7RaocPKJPWaDFN\nqGaH2/R5cxkSw6BxoxHcCVa91k0/YHSi9dVQsyyB1iBb+Ckctz2foZA20pB73W7O\nDpWeP/kLWE2SQmaQaFjgYhZ9M3Mxbi5lUu8bVvd1k0ur5LL85Y8YMT0owrg8fVJ4\nA7QQ+orLR5ERpkO8ygphWRFmJM+df3aqBbXs6aItfYxbUac=\n-----END CERTIFICATE-----",
                "common_name": "C=US,O=Google\\, Inc,CN=Google Cloud SQL Server CA,dnQualifier=c9b56d99-230a-4321-8367-3ded7ea33ca1",
                "create_time": "2026-01-05T18:15:21.724Z",
                "expiration_time": "2036-01-03T18:16:21.724Z",
                "sha1_fingerprint": "0ba8f4ed876750a06652520b45b952fea99c4d6a"
              }
            ],
            "service_account_email_address": "p353377002974-iscl6z@gcp-sa-cloud-sql.iam.gserviceaccount.com",
            "settings": [
              {
                "activation_policy": "ALWAYS",
                "active_directory_config": [],
                "advanced_machine_features": [],
                "availability_type": "ZONAL",
                "backup_configuration": [
                  {
                    "backup_retention_settings": [
                      {
                        "retained_backups": 7,
                        "retention_unit": "COUNT"
                      }
                    ],
                    "binary_log_enabled": false,
                    "enabled": true,
                    "location": "",
                    "point_in_time_recovery_enabled": false,
                    "start_time": "11:00",
                    "transaction_log_retention_days": 7
                  }
                ],
                "collation": "",
                "connector_enforcement": "NOT_REQUIRED",
                "data_cache_config": [],
                "database_flags": [],
                "deletion_protection_enabled": false,
                "deny_maintenance_period": [],
                "disk_autoresize": true,
                "disk_autoresize_limit": 0,
                "disk_size": 10,
                "disk_type": "PD_SSD",
                "edition": "ENTERPRISE",
                "enable_dataplex_integration": false,
                "enable_google_ml_integration": false,
                "insights_config": [],
                "ip_configuration": [
                  {
                    "allocated_ip_range": "",
                    "authorized_networks": [],
                    "enable_private_path_for_google_cloud_services": false,
                    "ipv4_enabled": true,
                    "private_network": "",
                    "psc_config": [],
                    "require_ssl": false,
                    "server_ca_mode": "GOOGLE_MANAGED_INTERNAL_CA",
                    "ssl_mode": ""
                  }
                ],
                "location_preference": [
                  {
                    "follow_gae_application": "",
                    "secondary_zone": "",
                    "zone": "asia-south1-b"
                  }
                ],
                "maintenance_window": [],
                "password_validation_policy": [],
                "pricing_plan": "PER_USE",
                "sql_server_audit_config": [],
                "tier": "db-f1-micro",
                "time_zone": "",
                "user_labels": {},
                "version": 1
              }
            ],
            "timeouts": null
          },
          "sensitive_attributes": [
            [
              {
                "type": "get_attr",
                "value": "root_password"
              }
            ],
            [
              {
                "type": "get_attr",
                "value": "server_ca_cert"
              }
            ]
          ],
          "identity_schema_version": 0,
          "private": "eyJlMmJmYjczMC1lY2FhLTExZTYtOGY4OC0zNDM2M2JjN2M0YzAiOnsiY3JlYXRlIjo1NDAwMDAwMDAwMDAwLCJkZWxldGUiOjU0MDAwMDAwMDAwMDAsInVwZGF0ZSI6NTQwMDAwMDAwMDAwMH19"
        }
      ]
    }
  ],
  "check_results": null
}
